
Microsoft Visual Studio Solution File, Format Version 12.00
# Visual Studio Version 17
VisualStudioVersion = 17.8.34309.116
MinimumVisualStudioVersion = 10.0.40219.1
Project("{FAE04EC0-301F-11D3-BF4B-00C04F79EFBC}") = "ReflectionExample", "ReflectionExample\ReflectionExample.csproj", "{198FCD35-BEF5-4817-97C7-2DDE27206FFE}"
EndProject
Global
	GlobalSection(SolutionConfigurationPlatforms) = preSolution
		Debug|Any CPU = Debug|Any CPU
		Release|Any CPU = Release|Any CPU
	EndGlobalSection
	GlobalSection(ProjectConfigurationPlatforms) = postSolution
		{198FCD35-BEF5-4817-97C7-2DDE27206FFE}.Debug|Any CPU.ActiveCfg = Debug|Any CPU
		{198FCD35-BEF5-4817-97C7-2DDE27206FFE}.Debug|Any CPU.Build.0 = Debug|Any CPU
		{198FCD35-BEF5-4817-97C7-2DDE27206FFE}.Release|Any CPU.ActiveCfg = Release|Any CPU
		{198FCD35-BEF5-4817-97C7-2DDE27206FFE}.Release|Any CPU.Build.0 = Release|Any CPU
	EndGlobalSection
	GlobalSection(SolutionProperties) = preSolution
		HideSolutionNode = FALSE
	EndGlobalSection
	GlobalSection(ExtensibilityGlobals) = postSolution
		SolutionGuid = {5CD441F4-380D-453C-AD8D-52DBE92806B2}
	EndGlobalSection
EndGlobal
